
Microsoft Visual Studio Solution File, Format Version 12.00
# Visual Studio Version 17
VisualStudioVersion = 17.10.35004.147
MinimumVisualStudioVersion = 10.0.40219.1
Project("{FAE04EC0-301F-11D3-BF4B-00C04F79EFBC}") = "EF-Tutorial", "EF-Tutorial\EF-Tutorial.csproj", "{D87611FB-2930-4598-98E1-23A0C64D85BA}"
EndProject
Global
	GlobalSection(SolutionConfigurationPlatforms) = preSolution
		Debug|Any CPU = Debug|Any CPU
		Release|Any CPU = Release|Any CPU
	EndGlobalSection
	GlobalSection(ProjectConfigurationPlatforms) = postSolution
		{D87611FB-2930-4598-98E1-23A0C64D85BA}.Debug|Any CPU.ActiveCfg = Debug|Any CPU
		{D87611FB-2930-4598-98E1-23A0C64D85BA}.Debug|Any CPU.Build.0 = Debug|Any CPU
		{D87611FB-2930-4598-98E1-23A0C64D85BA}.Release|Any CPU.ActiveCfg = Release|Any CPU
		{D87611FB-2930-4598-98E1-23A0C64D85BA}.Release|Any CPU.Build.0 = Release|Any CPU
	EndGlobalSection
	GlobalSection(SolutionProperties) = preSolution
		HideSolutionNode = FALSE
	EndGlobalSection
	GlobalSection(ExtensibilityGlobals) = postSolution
		SolutionGuid = {2FC16D05-AD2E-448D-9580-4481EC577D33}
	EndGlobalSection
EndGlobal
